
Microsoft Visual Studio Solution File, Format Version 12.00
# Visual Studio Version 16
VisualStudioVersion = 16.0.30002.166
MinimumVisualStudioVersion = 10.0.40219.1
Project("{2150E333-8FDC-42A3-9474-1A3956D46DE8}") = "task 1.1", "task 1.1", "{89C3E890-98A0-4CD6-95D3-25FC55D6F5C4}"
EndProject
Project("{FAE04EC0-301F-11D3-BF4B-00C04F79EFBC}") = "task 1.1.1", "task 1.1.1\task 1.1.1.csproj", "{A65AFD7D-44E2-47DB-BD4D-40105CE1B61C}"
EndProject
Project("{FAE04EC0-301F-11D3-BF4B-00C04F79EFBC}") = "task 1.1.3", "task 1.1.3\task 1.1.3.csproj", "{C4E0AD6F-4025-4473-AD4E-66F98AF01E10}"
EndProject
Project("{FAE04EC0-301F-11D3-BF4B-00C04F79EFBC}") = "task 1.1.2", "task 1.1.2\task 1.1.2.csproj", "{094C3A56-D7B4-48AF-A4E2-349BA72AC590}"
EndProject
Project("{FAE04EC0-301F-11D3-BF4B-00C04F79EFBC}") = "task 1.1.4", "task 1.1.4\task 1.1.4.csproj", "{E5EA179E-C1E2-4147-8921-B7AD05E63C40}"
EndProject
Project("{FAE04EC0-301F-11D3-BF4B-00C04F79EFBC}") = "task 1.1.5", "task 1.1.5\task 1.1.5.csproj", "{17EFF8D2-1990-4F6A-B2F9-EB9B317EAF7B}"
EndProject
Project("{FAE04EC0-301F-11D3-BF4B-00C04F79EFBC}") = "task 1.1.6", "task 1.1.6\task 1.1.6.csproj", "{4E60E33F-E043-4CA6-A8D2-8AE501A61BEA}"
EndProject
Project("{FAE04EC0-301F-11D3-BF4B-00C04F79EFBC}") = "task 1.1.7", "task 1.1.7\task 1.1.7.csproj", "{FBD48FCF-07A0-46D7-81C7-529ADAC887F1}"
EndProject
Project("{FAE04EC0-301F-11D3-BF4B-00C04F79EFBC}") = "task 1.1.8", "task 1.1.8\task 1.1.8.csproj", "{2F787926-F765-4C71-9A01-8CE6A5575C15}"
EndProject
Project("{FAE04EC0-301F-11D3-BF4B-00C04F79EFBC}") = "task 1.1.9", "task 1.1.9\task 1.1.9.csproj", "{1B4ADDE2-F2A9-4628-8882-5BC9310AF345}"
EndProject
Project("{FAE04EC0-301F-11D3-BF4B-00C04F79EFBC}") = "task 1.1.10", "task 1.1.10\task 1.1.10.csproj", "{9AF4CE52-C73D-444B-94C4-721C699A12E3}"
EndProject
Project("{2150E333-8FDC-42A3-9474-1A3956D46DE8}") = "task 1.2", "task 1.2", "{384826FC-8484-4DEF-B96F-2F50D16C86BC}"
EndProject
Project("{FAE04EC0-301F-11D3-BF4B-00C04F79EFBC}") = "task 1.2.1", "task 1.2.1\task 1.2.1.csproj", "{609CACB9-5852-484F-8896-3DA7DCC21FA9}"
EndProject
Project("{FAE04EC0-301F-11D3-BF4B-00C04F79EFBC}") = "task 1.2.2", "task 1.2.2\task 1.2.2.csproj", "{7B9F5CD6-311D-4679-A2DD-23199C70DFF1}"
EndProject
Project("{FAE04EC0-301F-11D3-BF4B-00C04F79EFBC}") = "task 1.2.3", "task 1.2.3\task 1.2.3.csproj", "{04C235E7-BD94-42D9-841D-6381C229FF95}"
EndProject
Project("{FAE04EC0-301F-11D3-BF4B-00C04F79EFBC}") = "task 1.2.4", "task 1.2.4\task 1.2.4.csproj", "{8F4913D4-5545-4F5D-935C-90BDEED9F987}"
EndProject
Project("{2150E333-8FDC-42A3-9474-1A3956D46DE8}") = "task 2.1", "task 2.1", "{B92D3774-9FCF-4447-BA7B-0487F886EDC6}"
EndProject
Project("{FAE04EC0-301F-11D3-BF4B-00C04F79EFBC}") = "task 2.1.1", "task 2.1.1\task 2.1.1.csproj", "{5DE1DE42-F71F-4E46-AEA9-A036D6DD9226}"
EndProject
Project("{FAE04EC0-301F-11D3-BF4B-00C04F79EFBC}") = "task 2.1.2", "task 2.1.2\task 2.1.2.csproj", "{23913961-7ACE-4DCD-9BBD-566EBDA8CC37}"
EndProject
Project("{2150E333-8FDC-42A3-9474-1A3956D46DE8}") = "task 2.2", "task 2.2", "{BBC276D6-9DDC-4DCA-BEBE-33F837C2D346}"
EndProject
Project("{FAE04EC0-301F-11D3-BF4B-00C04F79EFBC}") = "task 2.2.1", "task 2.2.1\task 2.2.1.csproj", "{E3779000-A08D-487E-8CB4-896B5BBB88C3}"
EndProject
Global
	GlobalSection(SolutionConfigurationPlatforms) = preSolution
		Debug|Any CPU = Debug|Any CPU
		Release|Any CPU = Release|Any CPU
	EndGlobalSection
	GlobalSection(ProjectConfigurationPlatforms) = postSolution
		{A65AFD7D-44E2-47DB-BD4D-40105CE1B61C}.Debug|Any CPU.ActiveCfg = Debug|Any CPU
		{A65AFD7D-44E2-47DB-BD4D-40105CE1B61C}.Debug|Any CPU.Build.0 = Debug|Any CPU
		{A65AFD7D-44E2-47DB-BD4D-40105CE1B61C}.Release|Any CPU.ActiveCfg = Release|Any CPU
		{A65AFD7D-44E2-47DB-BD4D-40105CE1B61C}.Release|Any CPU.Build.0 = Release|Any CPU
		{C4E0AD6F-4025-4473-AD4E-66F98AF01E10}.Debug|Any CPU.ActiveCfg = Debug|Any CPU
		{C4E0AD6F-4025-4473-AD4E-66F98AF01E10}.Debug|Any CPU.Build.0 = Debug|Any CPU
		{C4E0AD6F-4025-4473-AD4E-66F98AF01E10}.Release|Any CPU.ActiveCfg = Release|Any CPU
		{C4E0AD6F-4025-4473-AD4E-66F98AF01E10}.Release|Any CPU.Build.0 = Release|Any CPU
		{094C3A56-D7B4-48AF-A4E2-349BA72AC590}.Debug|Any CPU.ActiveCfg = Debug|Any CPU
		{094C3A56-D7B4-48AF-A4E2-349BA72AC590}.Debug|Any CPU.Build.0 = Debug|Any CPU
		{094C3A56-D7B4-48AF-A4E2-349BA72AC590}.Release|Any CPU.ActiveCfg = Release|Any CPU
		{094C3A56-D7B4-48AF-A4E2-349BA72AC590}.Release|Any CPU.Build.0 = Release|Any CPU
		{E5EA179E-C1E2-4147-8921-B7AD05E63C40}.Debug|Any CPU.ActiveCfg = Debug|Any CPU
		{E5EA179E-C1E2-4147-8921-B7AD05E63C40}.Debug|Any CPU.Build.0 = Debug|Any CPU
		{E5EA179E-C1E2-4147-8921-B7AD05E63C40}.Release|Any CPU.ActiveCfg = Release|Any CPU
		{E5EA179E-C1E2-4147-8921-B7AD05E63C40}.Release|Any CPU.Build.0 = Release|Any CPU
		{17EFF8D2-1990-4F6A-B2F9-EB9B317EAF7B}.Debug|Any CPU.ActiveCfg = Debug|Any CPU
		{17EFF8D2-1990-4F6A-B2F9-EB9B317EAF7B}.Debug|Any CPU.Build.0 = Debug|Any CPU
		{17EFF8D2-1990-4F6A-B2F9-EB9B317EAF7B}.Release|Any CPU.ActiveCfg = Release|Any CPU
		{17EFF8D2-1990-4F6A-B2F9-EB9B317EAF7B}.Release|Any CPU.Build.0 = Release|Any CPU
		{4E60E33F-E043-4CA6-A8D2-8AE501A61BEA}.Debug|Any CPU.ActiveCfg = Debug|Any CPU
		{4E60E33F-E043-4CA6-A8D2-8AE501A61BEA}.Debug|Any CPU.Build.0 = Debug|Any CPU
		{4E60E33F-E043-4CA6-A8D2-8AE501A61BEA}.Release|Any CPU.ActiveCfg = Release|Any CPU
		{4E60E33F-E043-4CA6-A8D2-8AE501A61BEA}.Release|Any CPU.Build.0 = Release|Any CPU
		{FBD48FCF-07A0-46D7-81C7-529ADAC887F1}.Debug|Any CPU.ActiveCfg = Debug|Any CPU
		{FBD48FCF-07A0-46D7-81C7-529ADAC887F1}.Debug|Any CPU.Build.0 = Debug|Any CPU
		{FBD48FCF-07A0-46D7-81C7-529ADAC887F1}.Release|Any CPU.ActiveCfg = Release|Any CPU
		{FBD48FCF-07A0-46D7-81C7-529ADAC887F1}.Release|Any CPU.Build.0 = Release|Any CPU
		{2F787926-F765-4C71-9A01-8CE6A5575C15}.Debug|Any CPU.ActiveCfg = Debug|Any CPU
		{2F787926-F765-4C71-9A01-8CE6A5575C15}.Debug|Any CPU.Build.0 = Debug|Any CPU
		{2F787926-F765-4C71-9A01-8CE6A5575C15}.Release|Any CPU.ActiveCfg = Release|Any CPU
		{2F787926-F765-4C71-9A01-8CE6A5575C15}.Release|Any CPU.Build.0 = Release|Any CPU
		{1B4ADDE2-F2A9-4628-8882-5BC9310AF345}.Debug|Any CPU.ActiveCfg = Debug|Any CPU
		{1B4ADDE2-F2A9-4628-8882-5BC9310AF345}.Debug|Any CPU.Build.0 = Debug|Any CPU
		{1B4ADDE2-F2A9-4628-8882-5BC9310AF345}.Release|Any CPU.ActiveCfg = Release|Any CPU
		{1B4ADDE2-F2A9-4628-8882-5BC9310AF345}.Release|Any CPU.Build.0 = Release|Any CPU
		{9AF4CE52-C73D-444B-94C4-721C699A12E3}.Debug|Any CPU.ActiveCfg = Debug|Any CPU
		{9AF4CE52-C73D-444B-94C4-721C699A12E3}.Debug|Any CPU.Build.0 = Debug|Any CPU
		{9AF4CE52-C73D-444B-94C4-721C699A12E3}.Release|Any CPU.ActiveCfg = Release|Any CPU
		{9AF4CE52-C73D-444B-94C4-721C699A12E3}.Release|Any CPU.Build.0 = Release|Any CPU
		{609CACB9-5852-484F-8896-3DA7DCC21FA9}.Debug|Any CPU.ActiveCfg = Debug|Any CPU
		{609CACB9-5852-484F-8896-3DA7DCC21FA9}.Debug|Any CPU.Build.0 = Debug|Any CPU
		{609CACB9-5852-484F-8896-3DA7DCC21FA9}.Release|Any CPU.ActiveCfg = Release|Any CPU
		{609CACB9-5852-484F-8896-3DA7DCC21FA9}.Release|Any CPU.Build.0 = Release|Any CPU
		{7B9F5CD6-311D-4679-A2DD-23199C70DFF1}.Debug|Any CPU.ActiveCfg = Debug|Any CPU
		{7B9F5CD6-311D-4679-A2DD-23199C70DFF1}.Debug|Any CPU.Build.0 = Debug|Any CPU
		{7B9F5CD6-311D-4679-A2DD-23199C70DFF1}.Release|Any CPU.ActiveCfg = Release|Any CPU
		{7B9F5CD6-311D-4679-A2DD-23199C70DFF1}.Release|Any CPU.Build.0 = Release|Any CPU
		{04C235E7-BD94-42D9-841D-6381C229FF95}.Debug|Any CPU.ActiveCfg = Debug|Any CPU
		{04C235E7-BD94-42D9-841D-6381C229FF95}.Debug|Any CPU.Build.0 = Debug|Any CPU
		{04C235E7-BD94-42D9-841D-6381C229FF95}.Release|Any CPU.ActiveCfg = Release|Any CPU
		{04C235E7-BD94-42D9-841D-6381C229FF95}.Release|Any CPU.Build.0 = Release|Any CPU
		{8F4913D4-5545-4F5D-935C-90BDEED9F987}.Debug|Any CPU.ActiveCfg = Debug|Any CPU
		{8F4913D4-5545-4F5D-935C-90BDEED9F987}.Debug|Any CPU.Build.0 = Debug|Any CPU
		{8F4913D4-5545-4F5D-935C-90BDEED9F987}.Release|Any CPU.ActiveCfg = Release|Any CPU
		{8F4913D4-5545-4F5D-935C-90BDEED9F987}.Release|Any CPU.Build.0 = Release|Any CPU
		{5DE1DE42-F71F-4E46-AEA9-A036D6DD9226}.Debug|Any CPU.ActiveCfg = Debug|Any CPU
		{5DE1DE42-F71F-4E46-AEA9-A036D6DD9226}.Debug|Any CPU.Build.0 = Debug|Any CPU
		{5DE1DE42-F71F-4E46-AEA9-A036D6DD9226}.Release|Any CPU.ActiveCfg = Release|Any CPU
		{5DE1DE42-F71F-4E46-AEA9-A036D6DD9226}.Release|Any CPU.Build.0 = Release|Any CPU
		{23913961-7ACE-4DCD-9BBD-566EBDA8CC37}.Debug|Any CPU.ActiveCfg = Debug|Any CPU
		{23913961-7ACE-4DCD-9BBD-566EBDA8CC37}.Debug|Any CPU.Build.0 = Debug|Any CPU
		{23913961-7ACE-4DCD-9BBD-566EBDA8CC37}.Release|Any CPU.ActiveCfg = Release|Any CPU
		{23913961-7ACE-4DCD-9BBD-566EBDA8CC37}.Release|Any CPU.Build.0 = Release|Any CPU
		{E3779000-A08D-487E-8CB4-896B5BBB88C3}.Debug|Any CPU.ActiveCfg = Debug|Any CPU
		{E3779000-A08D-487E-8CB4-896B5BBB88C3}.Debug|Any CPU.Build.0 = Debug|Any CPU
		{E3779000-A08D-487E-8CB4-896B5BBB88C3}.Release|Any CPU.ActiveCfg = Release|Any CPU
		{E3779000-A08D-487E-8CB4-896B5BBB88C3}.Release|Any CPU.Build.0 = Release|Any CPU
	EndGlobalSection
	GlobalSection(SolutionProperties) = preSolution
		HideSolutionNode = FALSE
	EndGlobalSection
	GlobalSection(NestedProjects) = preSolution
		{A65AFD7D-44E2-47DB-BD4D-40105CE1B61C} = {89C3E890-98A0-4CD6-95D3-25FC55D6F5C4}
		{C4E0AD6F-4025-4473-AD4E-66F98AF01E10} = {89C3E890-98A0-4CD6-95D3-25FC55D6F5C4}
		{094C3A56-D7B4-48AF-A4E2-349BA72AC590} = {89C3E890-98A0-4CD6-95D3-25FC55D6F5C4}
		{E5EA179E-C1E2-4147-8921-B7AD05E63C40} = {89C3E890-98A0-4CD6-95D3-25FC55D6F5C4}
		{17EFF8D2-1990-4F6A-B2F9-EB9B317EAF7B} = {89C3E890-98A0-4CD6-95D3-25FC55D6F5C4}
		{4E60E33F-E043-4CA6-A8D2-8AE501A61BEA} = {89C3E890-98A0-4CD6-95D3-25FC55D6F5C4}
		{FBD48FCF-07A0-46D7-81C7-529ADAC887F1} = {89C3E890-98A0-4CD6-95D3-25FC55D6F5C4}
		{2F787926-F765-4C71-9A01-8CE6A5575C15} = {89C3E890-98A0-4CD6-95D3-25FC55D6F5C4}
		{1B4ADDE2-F2A9-4628-8882-5BC9310AF345} = {89C3E890-98A0-4CD6-95D3-25FC55D6F5C4}
		{9AF4CE52-C73D-444B-94C4-721C699A12E3} = {89C3E890-98A0-4CD6-95D3-25FC55D6F5C4}
		{609CACB9-5852-484F-8896-3DA7DCC21FA9} = {384826FC-8484-4DEF-B96F-2F50D16C86BC}
		{7B9F5CD6-311D-4679-A2DD-23199C70DFF1} = {384826FC-8484-4DEF-B96F-2F50D16C86BC}
		{04C235E7-BD94-42D9-841D-6381C229FF95} = {384826FC-8484-4DEF-B96F-2F50D16C86BC}
		{8F4913D4-5545-4F5D-935C-90BDEED9F987} = {384826FC-8484-4DEF-B96F-2F50D16C86BC}
		{5DE1DE42-F71F-4E46-AEA9-A036D6DD9226} = {B92D3774-9FCF-4447-BA7B-0487F886EDC6}
		{23913961-7ACE-4DCD-9BBD-566EBDA8CC37} = {B92D3774-9FCF-4447-BA7B-0487F886EDC6}
		{E3779000-A08D-487E-8CB4-896B5BBB88C3} = {BBC276D6-9DDC-4DCA-BEBE-33F837C2D346}
	EndGlobalSection
	GlobalSection(ExtensibilityGlobals) = postSolution
		SolutionGuid = {C770D625-9203-4F90-B5AC-977CF0C4B9FF}
	EndGlobalSection
EndGlobal
