
Microsoft Visual Studio Solution File, Format Version 12.00
# Visual Studio Version 16
VisualStudioVersion = 16.0.30406.217
MinimumVisualStudioVersion = 10.0.40219.1
Project("{FAE04EC0-301F-11D3-BF4B-00C04F79EFBC}") = "Console.PL", "PL\Console.PL\Console.PL.csproj", "{34E39CDD-3287-4A9A-8E76-5E765575892D}"
EndProject
Project("{2150E333-8FDC-42A3-9474-1A3956D46DE8}") = "PL", "PL", "{0E4F78D3-A407-410E-8A91-13F373E17B17}"
EndProject
Project("{2150E333-8FDC-42A3-9474-1A3956D46DE8}") = "BLL", "BLL", "{F4285FF1-D4A1-4029-94F1-D1870FB520A2}"
EndProject
Project("{2150E333-8FDC-42A3-9474-1A3956D46DE8}") = "DAL", "DAL", "{FC00708C-F80C-4804-8AB3-ED136DC5CB85}"
EndProject
Project("{2150E333-8FDC-42A3-9474-1A3956D46DE8}") = "Common", "Common", "{543FEDC2-B14D-452C-8DDC-53C24BCE68F0}"
EndProject
Project("{FAE04EC0-301F-11D3-BF4B-00C04F79EFBC}") = "Task7.1.1.BLL", "BLL\Task7.1.1.BLL\Task7.1.1.BLL.csproj", "{19BD0032-4B4B-46D9-BD1A-D5325737C56B}"
EndProject
Project("{FAE04EC0-301F-11D3-BF4B-00C04F79EFBC}") = "Task7.1.1.BLL.Interfaces", "BLL\Task7.1.1.BLL.Interfaces\Task7.1.1.BLL.Interfaces.csproj", "{8CFBB306-09B0-4AB2-B9EF-EAF01FD2B1B9}"
EndProject
Project("{FAE04EC0-301F-11D3-BF4B-00C04F79EFBC}") = "Task7.1.1.DAL", "DAL\Task7.1.1.DAL\Task7.1.1.DAL.csproj", "{63071D8D-7544-4342-A5B6-25C8214683DB}"
EndProject
Project("{FAE04EC0-301F-11D3-BF4B-00C04F79EFBC}") = "Task7.1.1.DAL.Interfaces", "DAL\Task7.1.1.DAL.Interfaces\Task7.1.1.DAL.Interfaces.csproj", "{E12D845A-BF03-4B2B-BAF5-42581B6B41E4}"
EndProject
Project("{FAE04EC0-301F-11D3-BF4B-00C04F79EFBC}") = "Task7.1.1.Entities", "Common\Task7.1.1.Entities\Task7.1.1.Entities.csproj", "{E9651208-0D40-4FED-A814-B19729FB5424}"
EndProject
Project("{FAE04EC0-301F-11D3-BF4B-00C04F79EFBC}") = "Task7.1.1.DependencyResolver", "Common\Task7.1.1.DependencyResolver\Task7.1.1.DependencyResolver.csproj", "{D209C17D-B46E-44C7-B1F4-002FA2EC6CEC}"
EndProject
Project("{FAE04EC0-301F-11D3-BF4B-00C04F79EFBC}") = "task 7.1.2 UI", "PL\task 7.1.2 UI\task 7.1.2 UI\task 7.1.2 UI.csproj", "{2E88B330-0D95-4FDB-8ACD-F2A776BDD510}"
EndProject
Project("{2150E333-8FDC-42A3-9474-1A3956D46DE8}") = "PL.Console", "PL.Console", "{0B12AC07-403A-4976-A7CE-CCCBF454C3D8}"
EndProject
Project("{2150E333-8FDC-42A3-9474-1A3956D46DE8}") = "task 7.1.2", "task 7.1.2", "{07BD515C-013E-46A7-8983-1EBB3AD81EBC}"
EndProject
Project("{2150E333-8FDC-42A3-9474-1A3956D46DE8}") = "SqlDAL", "SqlDAL", "{B8D2B30C-0204-4A18-B3EF-CBE0FFDCE24E}"
EndProject
Project("{FAE04EC0-301F-11D3-BF4B-00C04F79EFBC}") = "Task 7.2.2.DAL", "SqlDAL\Task 7.2.2.DAL\Task 7.2.2.DAL.csproj", "{E4481AB3-082D-4670-AB28-74921CA7C4E3}"
EndProject
Project("{FAE04EC0-301F-11D3-BF4B-00C04F79EFBC}") = "Task 7.2.2.DAL.Interfaces", "SqlDAL\Task 7.2.2.DAL.Interfaces\Task 7.2.2.DAL.Interfaces.csproj", "{ED9CEBD0-5D7D-48EE-9ADC-0F3962DF9236}"
EndProject
Global
	GlobalSection(SolutionConfigurationPlatforms) = preSolution
		Debug|Any CPU = Debug|Any CPU
		Release|Any CPU = Release|Any CPU
	EndGlobalSection
	GlobalSection(ProjectConfigurationPlatforms) = postSolution
		{34E39CDD-3287-4A9A-8E76-5E765575892D}.Debug|Any CPU.ActiveCfg = Debug|Any CPU
		{34E39CDD-3287-4A9A-8E76-5E765575892D}.Debug|Any CPU.Build.0 = Debug|Any CPU
		{34E39CDD-3287-4A9A-8E76-5E765575892D}.Release|Any CPU.ActiveCfg = Release|Any CPU
		{34E39CDD-3287-4A9A-8E76-5E765575892D}.Release|Any CPU.Build.0 = Release|Any CPU
		{19BD0032-4B4B-46D9-BD1A-D5325737C56B}.Debug|Any CPU.ActiveCfg = Debug|Any CPU
		{19BD0032-4B4B-46D9-BD1A-D5325737C56B}.Debug|Any CPU.Build.0 = Debug|Any CPU
		{19BD0032-4B4B-46D9-BD1A-D5325737C56B}.Release|Any CPU.ActiveCfg = Release|Any CPU
		{19BD0032-4B4B-46D9-BD1A-D5325737C56B}.Release|Any CPU.Build.0 = Release|Any CPU
		{8CFBB306-09B0-4AB2-B9EF-EAF01FD2B1B9}.Debug|Any CPU.ActiveCfg = Debug|Any CPU
		{8CFBB306-09B0-4AB2-B9EF-EAF01FD2B1B9}.Debug|Any CPU.Build.0 = Debug|Any CPU
		{8CFBB306-09B0-4AB2-B9EF-EAF01FD2B1B9}.Release|Any CPU.ActiveCfg = Release|Any CPU
		{8CFBB306-09B0-4AB2-B9EF-EAF01FD2B1B9}.Release|Any CPU.Build.0 = Release|Any CPU
		{63071D8D-7544-4342-A5B6-25C8214683DB}.Debug|Any CPU.ActiveCfg = Debug|Any CPU
		{63071D8D-7544-4342-A5B6-25C8214683DB}.Debug|Any CPU.Build.0 = Debug|Any CPU
		{63071D8D-7544-4342-A5B6-25C8214683DB}.Release|Any CPU.ActiveCfg = Release|Any CPU
		{63071D8D-7544-4342-A5B6-25C8214683DB}.Release|Any CPU.Build.0 = Release|Any CPU
		{E12D845A-BF03-4B2B-BAF5-42581B6B41E4}.Debug|Any CPU.ActiveCfg = Debug|Any CPU
		{E12D845A-BF03-4B2B-BAF5-42581B6B41E4}.Debug|Any CPU.Build.0 = Debug|Any CPU
		{E12D845A-BF03-4B2B-BAF5-42581B6B41E4}.Release|Any CPU.ActiveCfg = Release|Any CPU
		{E12D845A-BF03-4B2B-BAF5-42581B6B41E4}.Release|Any CPU.Build.0 = Release|Any CPU
		{E9651208-0D40-4FED-A814-B19729FB5424}.Debug|Any CPU.ActiveCfg = Debug|Any CPU
		{E9651208-0D40-4FED-A814-B19729FB5424}.Debug|Any CPU.Build.0 = Debug|Any CPU
		{E9651208-0D40-4FED-A814-B19729FB5424}.Release|Any CPU.ActiveCfg = Release|Any CPU
		{E9651208-0D40-4FED-A814-B19729FB5424}.Release|Any CPU.Build.0 = Release|Any CPU
		{D209C17D-B46E-44C7-B1F4-002FA2EC6CEC}.Debug|Any CPU.ActiveCfg = Debug|Any CPU
		{D209C17D-B46E-44C7-B1F4-002FA2EC6CEC}.Debug|Any CPU.Build.0 = Debug|Any CPU
		{D209C17D-B46E-44C7-B1F4-002FA2EC6CEC}.Release|Any CPU.ActiveCfg = Release|Any CPU
		{D209C17D-B46E-44C7-B1F4-002FA2EC6CEC}.Release|Any CPU.Build.0 = Release|Any CPU
		{2E88B330-0D95-4FDB-8ACD-F2A776BDD510}.Debug|Any CPU.ActiveCfg = Debug|Any CPU
		{2E88B330-0D95-4FDB-8ACD-F2A776BDD510}.Debug|Any CPU.Build.0 = Debug|Any CPU
		{2E88B330-0D95-4FDB-8ACD-F2A776BDD510}.Release|Any CPU.ActiveCfg = Release|Any CPU
		{2E88B330-0D95-4FDB-8ACD-F2A776BDD510}.Release|Any CPU.Build.0 = Release|Any CPU
		{E4481AB3-082D-4670-AB28-74921CA7C4E3}.Debug|Any CPU.ActiveCfg = Debug|Any CPU
		{E4481AB3-082D-4670-AB28-74921CA7C4E3}.Debug|Any CPU.Build.0 = Debug|Any CPU
		{E4481AB3-082D-4670-AB28-74921CA7C4E3}.Release|Any CPU.ActiveCfg = Release|Any CPU
		{E4481AB3-082D-4670-AB28-74921CA7C4E3}.Release|Any CPU.Build.0 = Release|Any CPU
		{ED9CEBD0-5D7D-48EE-9ADC-0F3962DF9236}.Debug|Any CPU.ActiveCfg = Debug|Any CPU
		{ED9CEBD0-5D7D-48EE-9ADC-0F3962DF9236}.Debug|Any CPU.Build.0 = Debug|Any CPU
		{ED9CEBD0-5D7D-48EE-9ADC-0F3962DF9236}.Release|Any CPU.ActiveCfg = Release|Any CPU
		{ED9CEBD0-5D7D-48EE-9ADC-0F3962DF9236}.Release|Any CPU.Build.0 = Release|Any CPU
	EndGlobalSection
	GlobalSection(SolutionProperties) = preSolution
		HideSolutionNode = FALSE
	EndGlobalSection
	GlobalSection(NestedProjects) = preSolution
		{34E39CDD-3287-4A9A-8E76-5E765575892D} = {0B12AC07-403A-4976-A7CE-CCCBF454C3D8}
		{19BD0032-4B4B-46D9-BD1A-D5325737C56B} = {F4285FF1-D4A1-4029-94F1-D1870FB520A2}
		{8CFBB306-09B0-4AB2-B9EF-EAF01FD2B1B9} = {F4285FF1-D4A1-4029-94F1-D1870FB520A2}
		{63071D8D-7544-4342-A5B6-25C8214683DB} = {FC00708C-F80C-4804-8AB3-ED136DC5CB85}
		{E12D845A-BF03-4B2B-BAF5-42581B6B41E4} = {FC00708C-F80C-4804-8AB3-ED136DC5CB85}
		{E9651208-0D40-4FED-A814-B19729FB5424} = {543FEDC2-B14D-452C-8DDC-53C24BCE68F0}
		{D209C17D-B46E-44C7-B1F4-002FA2EC6CEC} = {543FEDC2-B14D-452C-8DDC-53C24BCE68F0}
		{2E88B330-0D95-4FDB-8ACD-F2A776BDD510} = {07BD515C-013E-46A7-8983-1EBB3AD81EBC}
		{0B12AC07-403A-4976-A7CE-CCCBF454C3D8} = {0E4F78D3-A407-410E-8A91-13F373E17B17}
		{07BD515C-013E-46A7-8983-1EBB3AD81EBC} = {0E4F78D3-A407-410E-8A91-13F373E17B17}
		{E4481AB3-082D-4670-AB28-74921CA7C4E3} = {B8D2B30C-0204-4A18-B3EF-CBE0FFDCE24E}
		{ED9CEBD0-5D7D-48EE-9ADC-0F3962DF9236} = {B8D2B30C-0204-4A18-B3EF-CBE0FFDCE24E}
	EndGlobalSection
	GlobalSection(ExtensibilityGlobals) = postSolution
		SolutionGuid = {471A1A61-BEF3-454B-8F6C-5A2D5F18E8D9}
	EndGlobalSection
EndGlobal
